
Microsoft Visual Studio Solution File, Format Version 12.00
# Visual Studio Version 17
VisualStudioVersion = 17.7.34202.233
MinimumVisualStudioVersion = 10.0.40219.1
Project("{FAE04EC0-301F-11D3-BF4B-00C04F79EFBC}") = "kvadraticka rovnice", "kvadraticka rovnice\kvadraticka rovnice.csproj", "{559B50C2-9A9F-4E47-BA84-5458DD070815}"
EndProject
Global
	GlobalSection(SolutionConfigurationPlatforms) = preSolution
		Debug|Any CPU = Debug|Any CPU
		Release|Any CPU = Release|Any CPU
	EndGlobalSection
	GlobalSection(ProjectConfigurationPlatforms) = postSolution
		{559B50C2-9A9F-4E47-BA84-5458DD070815}.Debug|Any CPU.ActiveCfg = Debug|Any CPU
		{559B50C2-9A9F-4E47-BA84-5458DD070815}.Debug|Any CPU.Build.0 = Debug|Any CPU
		{559B50C2-9A9F-4E47-BA84-5458DD070815}.Release|Any CPU.ActiveCfg = Release|Any CPU
		{559B50C2-9A9F-4E47-BA84-5458DD070815}.Release|Any CPU.Build.0 = Release|Any CPU
	EndGlobalSection
	GlobalSection(SolutionProperties) = preSolution
		HideSolutionNode = FALSE
	EndGlobalSection
	GlobalSection(ExtensibilityGlobals) = postSolution
		SolutionGuid = {E2FBD94B-5D17-476D-8AAA-984D79873E16}
	EndGlobalSection
EndGlobal
