
Microsoft Visual Studio Solution File, Format Version 12.00
# Visual Studio Version 17
VisualStudioVersion = 17.7.34024.191
MinimumVisualStudioVersion = 10.0.40219.1
Project("{FAE04EC0-301F-11D3-BF4B-00C04F79EFBC}") = "ConsoleApp3", "ConsoleApp3\ConsoleApp3.csproj", "{421209CE-6676-4DCC-B35E-3FE98CE25A2B}"
EndProject
Global
	GlobalSection(SolutionConfigurationPlatforms) = preSolution
		Debug|Any CPU = Debug|Any CPU
		Release|Any CPU = Release|Any CPU
	EndGlobalSection
	GlobalSection(ProjectConfigurationPlatforms) = postSolution
		{421209CE-6676-4DCC-B35E-3FE98CE25A2B}.Debug|Any CPU.ActiveCfg = Debug|Any CPU
		{421209CE-6676-4DCC-B35E-3FE98CE25A2B}.Debug|Any CPU.Build.0 = Debug|Any CPU
		{421209CE-6676-4DCC-B35E-3FE98CE25A2B}.Release|Any CPU.ActiveCfg = Release|Any CPU
		{421209CE-6676-4DCC-B35E-3FE98CE25A2B}.Release|Any CPU.Build.0 = Release|Any CPU
	EndGlobalSection
	GlobalSection(SolutionProperties) = preSolution
		HideSolutionNode = FALSE
	EndGlobalSection
	GlobalSection(ExtensibilityGlobals) = postSolution
		SolutionGuid = {BE10E9D0-7082-41A7-A5C1-1F7CC2F00724}
	EndGlobalSection
EndGlobal
